// !$*UTF8*$!
{
	archiveVersion = 1;
	classes = {
	};
	objectVersion = 54;
	objects = {

/* Begin PBXBuildFile section */
		BC580A65269151E60088680F /* SDWebImage in Frameworks */ = {isa = PBXBuildFile; productRef = BC580A64269151E60088680F /* SDWebImage */; };
		BC580A6726916B1D0088680F /* UIImageView+Extensions.swift in Sources */ = {isa = PBXBuildFile; fileRef = BC580A6626916B1D0088680F /* UIImageView+Extensions.swift */; };
		BC6C53F926909AD100EF44F7 /* MainTabBarController.swift in Sources */ = {isa = PBXBuildFile; fileRef = BC6C53F826909AD100EF44F7 /* MainTabBarController.swift */; };
		BC6C53FB26909AE300EF44F7 /* HomeViewController.swift in Sources */ = {isa = PBXBuildFile; fileRef = BC6C53FA26909AE300EF44F7 /* HomeViewController.swift */; };
		BC6C53FD26909AED00EF44F7 /* HomeViewModel.swift in Sources */ = {isa = PBXBuildFile; fileRef = BC6C53FC26909AED00EF44F7 /* HomeViewModel.swift */; };
		BC6C53FF2690A97200EF44F7 /* APIService.swift in Sources */ = {isa = PBXBuildFile; fileRef = BC6C53FE2690A97200EF44F7 /* APIService.swift */; };
		BC6C54012690A9E600EF44F7 /* Combinable.swift in Sources */ = {isa = PBXBuildFile; fileRef = BC6C54002690A9E600EF44F7 /* Combinable.swift */; };
		BC6C54042690ABCF00EF44F7 /* HomeMovieLoadingCell.swift in Sources */ = {isa = PBXBuildFile; fileRef = BC6C54032690ABCF00EF44F7 /* HomeMovieLoadingCell.swift */; };
		BC6C54062690ADB500EF44F7 /* HomeSectionHeaderView.swift in Sources */ = {isa = PBXBuildFile; fileRef = BC6C54052690ADB500EF44F7 /* HomeSectionHeaderView.swift */; };
		BC6C54092690AF8800EF44F7 /* UIView+Extensions.swift in Sources */ = {isa = PBXBuildFile; fileRef = BC6C54082690AF8800EF44F7 /* UIView+Extensions.swift */; };
		BC6C540C2690B11E00EF44F7 /* SnapKit in Frameworks */ = {isa = PBXBuildFile; productRef = BC6C540B2690B11E00EF44F7 /* SnapKit */; };
		BC6C540E2690B1E500EF44F7 /* HomeMoviesCollectionCell.swift in Sources */ = {isa = PBXBuildFile; fileRef = BC6C540D2690B1E500EF44F7 /* HomeMoviesCollectionCell.swift */; };
		BC6C54112690B78500EF44F7 /* Movie.swift in Sources */ = {isa = PBXBuildFile; fileRef = BC6C54102690B78500EF44F7 /* Movie.swift */; };
		BC6C54132690BA7300EF44F7 /* Genre.swift in Sources */ = {isa = PBXBuildFile; fileRef = BC6C54122690BA7300EF44F7 /* Genre.swift */; };
		BC6C54152690BABC00EF44F7 /* Reusable.swift in Sources */ = {isa = PBXBuildFile; fileRef = BC6C54142690BABC00EF44F7 /* Reusable.swift */; };
		BC6C54172690BB6D00EF44F7 /* HomeSection.swift in Sources */ = {isa = PBXBuildFile; fileRef = BC6C54162690BB6D00EF44F7 /* HomeSection.swift */; };
		BC6C54192690BBD200EF44F7 /* MovieCompactCell.swift in Sources */ = {isa = PBXBuildFile; fileRef = BC6C54182690BBD200EF44F7 /* MovieCompactCell.swift */; };
		BC6C541B2690BBDF00EF44F7 /* MovieExpandCell.swift in Sources */ = {isa = PBXBuildFile; fileRef = BC6C541A2690BBDF00EF44F7 /* MovieExpandCell.swift */; };
		BC6C541E2690C62400EF44F7 /* HomeRepository.swift in Sources */ = {isa = PBXBuildFile; fileRef = BC6C541D2690C62400EF44F7 /* HomeRepository.swift */; };
		BC6C54202690C67F00EF44F7 /* MoviesResponse.swift in Sources */ = {isa = PBXBuildFile; fileRef = BC6C541F2690C67F00EF44F7 /* MoviesResponse.swift */; };
		BC96282F269068A600AE04AB /* AppDelegate.swift in Sources */ = {isa = PBXBuildFile; fileRef = BC96282E269068A600AE04AB /* AppDelegate.swift */; };
		BC962831269068A600AE04AB /* SceneDelegate.swift in Sources */ = {isa = PBXBuildFile; fileRef = BC962830269068A600AE04AB /* SceneDelegate.swift */; };
		BC962838269068A700AE04AB /* Assets.xcassets in Resources */ = {isa = PBXBuildFile; fileRef = BC962837269068A700AE04AB /* Assets.xcassets */; };
		BC96283B269068A700AE04AB /* LaunchScreen.storyboard in Resources */ = {isa = PBXBuildFile; fileRef = BC962839269068A700AE04AB /* LaunchScreen.storyboard */; };
		BC962846269068A700AE04AB /* MovieCollectionsTests.swift in Sources */ = {isa = PBXBuildFile; fileRef = BC962845269068A700AE04AB /* MovieCollectionsTests.swift */; };
		BC962850269068A800AE04AB /* MovieCollectionsUITests.swift in Sources */ = {isa = PBXBuildFile; fileRef = BC96284F269068A800AE04AB /* MovieCollectionsUITests.swift */; };
		BC96285E269068CC00AE04AB /* APIKey.swift in Sources */ = {isa = PBXBuildFile; fileRef = BC96285D269068CC00AE04AB /* APIKey.swift */; };
		BCC0469526919D9400DF1B24 /* FavoriteViewController.swift in Sources */ = {isa = PBXBuildFile; fileRef = BCC0469426919D9400DF1B24 /* FavoriteViewController.swift */; };
		BCC046972691A07C00DF1B24 /* FavoriteViewModel.swift in Sources */ = {isa = PBXBuildFile; fileRef = BCC046962691A07C00DF1B24 /* FavoriteViewModel.swift */; };
		BCC046992691A51F00DF1B24 /* FavoriteSection.swift in Sources */ = {isa = PBXBuildFile; fileRef = BCC046982691A51F00DF1B24 /* FavoriteSection.swift */; };
		BCC0469B2691AC9600DF1B24 /* FavoriteRepository.swift in Sources */ = {isa = PBXBuildFile; fileRef = BCC0469A2691AC9600DF1B24 /* FavoriteRepository.swift */; };
		BCC0469D2691AD1100DF1B24 /* favorite.json in Resources */ = {isa = PBXBuildFile; fileRef = BCC0469C2691AD1100DF1B24 /* favorite.json */; };
/* End PBXBuildFile section */

/* Begin PBXContainerItemProxy section */
		BC962842269068A700AE04AB /* PBXContainerItemProxy */ = {
			isa = PBXContainerItemProxy;
			containerPortal = BC962823269068A600AE04AB /* Project object */;
			proxyType = 1;
			remoteGlobalIDString = BC96282A269068A600AE04AB;
			remoteInfo = MovieCollections;
		};
		BC96284C269068A700AE04AB /* PBXContainerItemProxy */ = {
			isa = PBXContainerItemProxy;
			containerPortal = BC962823269068A600AE04AB /* Project object */;
			proxyType = 1;
			remoteGlobalIDString = BC96282A269068A600AE04AB;
			remoteInfo = MovieCollections;
		};
/* End PBXContainerItemProxy section */

/* Begin PBXFileReference section */
		BC580A6626916B1D0088680F /* UIImageView+Extensions.swift */ = {isa = PBXFileReference; lastKnownFileType = sourcecode.swift; path = "UIImageView+Extensions.swift"; sourceTree = "<group>"; };
		BC6C53F826909AD100EF44F7 /* MainTabBarController.swift */ = {isa = PBXFileReference; lastKnownFileType = sourcecode.swift; path = MainTabBarController.swift; sourceTree = "<group>"; };
		BC6C53FA26909AE300EF44F7 /* HomeViewController.swift */ = {isa = PBXFileReference; lastKnownFileType = sourcecode.swift; path = HomeViewController.swift; sourceTree = "<group>"; };
		BC6C53FC26909AED00EF44F7 /* HomeViewModel.swift */ = {isa = PBXFileReference; lastKnownFileType = sourcecode.swift; path = HomeViewModel.swift; sourceTree = "<group>"; };
		BC6C53FE2690A97200EF44F7 /* APIService.swift */ = {isa = PBXFileReference; lastKnownFileType = sourcecode.swift; path = APIService.swift; sourceTree = "<group>"; };
		BC6C54002690A9E600EF44F7 /* Combinable.swift */ = {isa = PBXFileReference; lastKnownFileType = sourcecode.swift; path = Combinable.swift; sourceTree = "<group>"; };
		BC6C54032690ABCF00EF44F7 /* HomeMovieLoadingCell.swift */ = {isa = PBXFileReference; lastKnownFileType = sourcecode.swift; path = HomeMovieLoadingCell.swift; sourceTree = "<group>"; };
		BC6C54052690ADB500EF44F7 /* HomeSectionHeaderView.swift */ = {isa = PBXFileReference; lastKnownFileType = sourcecode.swift; path = HomeSectionHeaderView.swift; sourceTree = "<group>"; };
		BC6C54082690AF8800EF44F7 /* UIView+Extensions.swift */ = {isa = PBXFileReference; lastKnownFileType = sourcecode.swift; path = "UIView+Extensions.swift"; sourceTree = "<group>"; };
		BC6C540D2690B1E500EF44F7 /* HomeMoviesCollectionCell.swift */ = {isa = PBXFileReference; lastKnownFileType = sourcecode.swift; path = HomeMoviesCollectionCell.swift; sourceTree = "<group>"; };
		BC6C54102690B78500EF44F7 /* Movie.swift */ = {isa = PBXFileReference; lastKnownFileType = sourcecode.swift; path = Movie.swift; sourceTree = "<group>"; };
		BC6C54122690BA7300EF44F7 /* Genre.swift */ = {isa = PBXFileReference; lastKnownFileType = sourcecode.swift; path = Genre.swift; sourceTree = "<group>"; };
		BC6C54142690BABC00EF44F7 /* Reusable.swift */ = {isa = PBXFileReference; lastKnownFileType = sourcecode.swift; path = Reusable.swift; sourceTree = "<group>"; };
		BC6C54162690BB6D00EF44F7 /* HomeSection.swift */ = {isa = PBXFileReference; lastKnownFileType = sourcecode.swift; path = HomeSection.swift; sourceTree = "<group>"; };
		BC6C54182690BBD200EF44F7 /* MovieCompactCell.swift */ = {isa = PBXFileReference; lastKnownFileType = sourcecode.swift; path = MovieCompactCell.swift; sourceTree = "<group>"; };
		BC6C541A2690BBDF00EF44F7 /* MovieExpandCell.swift */ = {isa = PBXFileReference; lastKnownFileType = sourcecode.swift; path = MovieExpandCell.swift; sourceTree = "<group>"; };
		BC6C541D2690C62400EF44F7 /* HomeRepository.swift */ = {isa = PBXFileReference; lastKnownFileType = sourcecode.swift; path = HomeRepository.swift; sourceTree = "<group>"; };
		BC6C541F2690C67F00EF44F7 /* MoviesResponse.swift */ = {isa = PBXFileReference; lastKnownFileType = sourcecode.swift; path = MoviesResponse.swift; sourceTree = "<group>"; };
		BC96282B269068A600AE04AB /* MovieCollections.app */ = {isa = PBXFileReference; explicitFileType = wrapper.application; includeInIndex = 0; path = MovieCollections.app; sourceTree = BUILT_PRODUCTS_DIR; };
		BC96282E269068A600AE04AB /* AppDelegate.swift */ = {isa = PBXFileReference; lastKnownFileType = sourcecode.swift; path = AppDelegate.swift; sourceTree = "<group>"; };
		BC962830269068A600AE04AB /* SceneDelegate.swift */ = {isa = PBXFileReference; lastKnownFileType = sourcecode.swift; path = SceneDelegate.swift; sourceTree = "<group>"; };
		BC962837269068A700AE04AB /* Assets.xcassets */ = {isa = PBXFileReference; lastKnownFileType = folder.assetcatalog; path = Assets.xcassets; sourceTree = "<group>"; };
		BC96283A269068A700AE04AB /* Base */ = {isa = PBXFileReference; lastKnownFileType = file.storyboard; name = Base; path = Base.lproj/LaunchScreen.storyboard; sourceTree = "<group>"; };
		BC96283C269068A700AE04AB /* Info.plist */ = {isa = PBXFileReference; lastKnownFileType = text.plist.xml; path = Info.plist; sourceTree = "<group>"; };
		BC962841269068A700AE04AB /* MovieCollectionsTests.xctest */ = {isa = PBXFileReference; explicitFileType = wrapper.cfbundle; includeInIndex = 0; path = MovieCollectionsTests.xctest; sourceTree = BUILT_PRODUCTS_DIR; };
		BC962845269068A700AE04AB /* MovieCollectionsTests.swift */ = {isa = PBXFileReference; lastKnownFileType = sourcecode.swift; path = MovieCollectionsTests.swift; sourceTree = "<group>"; };
		BC96284B269068A700AE04AB /* MovieCollectionsUITests.xctest */ = {isa = PBXFileReference; explicitFileType = wrapper.cfbundle; includeInIndex = 0; path = MovieCollectionsUITests.xctest; sourceTree = BUILT_PRODUCTS_DIR; };
		BC96284F269068A800AE04AB /* MovieCollectionsUITests.swift */ = {isa = PBXFileReference; lastKnownFileType = sourcecode.swift; path = MovieCollectionsUITests.swift; sourceTree = "<group>"; };
		BC96285D269068CC00AE04AB /* APIKey.swift */ = {isa = PBXFileReference; lastKnownFileType = sourcecode.swift; path = APIKey.swift; sourceTree = "<group>"; };
		BCC0469426919D9400DF1B24 /* FavoriteViewController.swift */ = {isa = PBXFileReference; lastKnownFileType = sourcecode.swift; path = FavoriteViewController.swift; sourceTree = "<group>"; };
		BCC046962691A07C00DF1B24 /* FavoriteViewModel.swift */ = {isa = PBXFileReference; lastKnownFileType = sourcecode.swift; path = FavoriteViewModel.swift; sourceTree = "<group>"; };
		BCC046982691A51F00DF1B24 /* FavoriteSection.swift */ = {isa = PBXFileReference; lastKnownFileType = sourcecode.swift; path = FavoriteSection.swift; sourceTree = "<group>"; };
		BCC0469A2691AC9600DF1B24 /* FavoriteRepository.swift */ = {isa = PBXFileReference; lastKnownFileType = sourcecode.swift; path = FavoriteRepository.swift; sourceTree = "<group>"; };
		BCC0469C2691AD1100DF1B24 /* favorite.json */ = {isa = PBXFileReference; lastKnownFileType = text.json; path = favorite.json; sourceTree = "<group>"; };
/* End PBXFileReference section */

/* Begin PBXFrameworksBuildPhase section */
		BC962828269068A600AE04AB /* Frameworks */ = {
			isa = PBXFrameworksBuildPhase;
			buildActionMask = 2147483647;
			files = (
				BC580A65269151E60088680F /* SDWebImage in Frameworks */,
				BC6C540C2690B11E00EF44F7 /* SnapKit in Frameworks */,
			);
			runOnlyForDeploymentPostprocessing = 0;
		};
		BC96283E269068A700AE04AB /* Frameworks */ = {
			isa = PBXFrameworksBuildPhase;
			buildActionMask = 2147483647;
			files = (
			);
			runOnlyForDeploymentPostprocessing = 0;
		};
		BC962848269068A700AE04AB /* Frameworks */ = {
			isa = PBXFrameworksBuildPhase;
			buildActionMask = 2147483647;
			files = (
			);
			runOnlyForDeploymentPostprocessing = 0;
		};
/* End PBXFrameworksBuildPhase section */

/* Begin PBXGroup section */
		BC6C53F626909AA800EF44F7 /* ViewModels */ = {
			isa = PBXGroup;
			children = (
				BC6C53FC26909AED00EF44F7 /* HomeViewModel.swift */,
				BCC046962691A07C00DF1B24 /* FavoriteViewModel.swift */,
			);
			path = ViewModels;
			sourceTree = "<group>";
		};
		BC6C53F726909AAE00EF44F7 /* ViewControllers */ = {
			isa = PBXGroup;
			children = (
				BC6C54022690ABB800EF44F7 /* Views */,
				BC6C53F826909AD100EF44F7 /* MainTabBarController.swift */,
				BC6C53FA26909AE300EF44F7 /* HomeViewController.swift */,
				BC6C54002690A9E600EF44F7 /* Combinable.swift */,
				BCC0469426919D9400DF1B24 /* FavoriteViewController.swift */,
			);
			path = ViewControllers;
			sourceTree = "<group>";
		};
		BC6C54022690ABB800EF44F7 /* Views */ = {
			isa = PBXGroup;
			children = (
				BC6C54032690ABCF00EF44F7 /* HomeMovieLoadingCell.swift */,
				BC6C54052690ADB500EF44F7 /* HomeSectionHeaderView.swift */,
				BC6C540D2690B1E500EF44F7 /* HomeMoviesCollectionCell.swift */,
				BC6C54142690BABC00EF44F7 /* Reusable.swift */,
				BC6C54182690BBD200EF44F7 /* MovieCompactCell.swift */,
				BC6C541A2690BBDF00EF44F7 /* MovieExpandCell.swift */,
			);
			path = Views;
			sourceTree = "<group>";
		};
		BC6C54072690AF7600EF44F7 /* Helpers */ = {
			isa = PBXGroup;
			children = (
				BC6C54082690AF8800EF44F7 /* UIView+Extensions.swift */,
				BC580A6626916B1D0088680F /* UIImageView+Extensions.swift */,
			);
			path = Helpers;
			sourceTree = "<group>";
		};
		BC6C540F2690B77700EF44F7 /* Models */ = {
			isa = PBXGroup;
			children = (
				BC6C54102690B78500EF44F7 /* Movie.swift */,
				BC6C54122690BA7300EF44F7 /* Genre.swift */,
				BC6C54162690BB6D00EF44F7 /* HomeSection.swift */,
				BC6C541F2690C67F00EF44F7 /* MoviesResponse.swift */,
				BCC046982691A51F00DF1B24 /* FavoriteSection.swift */,
				BCC0469C2691AD1100DF1B24 /* favorite.json */,
			);
			path = Models;
			sourceTree = "<group>";
		};
		BC6C541C2690C61400EF44F7 /* Repositories */ = {
			isa = PBXGroup;
			children = (
				BC6C541D2690C62400EF44F7 /* HomeRepository.swift */,
				BCC0469A2691AC9600DF1B24 /* FavoriteRepository.swift */,
			);
			path = Repositories;
			sourceTree = "<group>";
		};
		BC962822269068A600AE04AB = {
			isa = PBXGroup;
			children = (
				BC96282D269068A600AE04AB /* MovieCollections */,
				BC962844269068A700AE04AB /* MovieCollectionsTests */,
				BC96284E269068A800AE04AB /* MovieCollectionsUITests */,
				BC96282C269068A600AE04AB /* Products */,
			);
			sourceTree = "<group>";
		};
		BC96282C269068A600AE04AB /* Products */ = {
			isa = PBXGroup;
			children = (
				BC96282B269068A600AE04AB /* MovieCollections.app */,
				BC962841269068A700AE04AB /* MovieCollectionsTests.xctest */,
				BC96284B269068A700AE04AB /* MovieCollectionsUITests.xctest */,
			);
			name = Products;
			sourceTree = "<group>";
		};
		BC96282D269068A600AE04AB /* MovieCollections */ = {
			isa = PBXGroup;
			children = (
				BC6C541C2690C61400EF44F7 /* Repositories */,
				BC6C540F2690B77700EF44F7 /* Models */,
				BC6C54072690AF7600EF44F7 /* Helpers */,
				BC6C53F726909AAE00EF44F7 /* ViewControllers */,
				BC6C53F626909AA800EF44F7 /* ViewModels */,
				BC96285C269068BC00AE04AB /* Services */,
				BC96282E269068A600AE04AB /* AppDelegate.swift */,
				BC962830269068A600AE04AB /* SceneDelegate.swift */,
				BC962837269068A700AE04AB /* Assets.xcassets */,
				BC962839269068A700AE04AB /* LaunchScreen.storyboard */,
				BC96283C269068A700AE04AB /* Info.plist */,
			);
			path = MovieCollections;
			sourceTree = "<group>";
		};
		BC962844269068A700AE04AB /* MovieCollectionsTests */ = {
			isa = PBXGroup;
			children = (
				BC962845269068A700AE04AB /* MovieCollectionsTests.swift */,
			);
			path = MovieCollectionsTests;
			sourceTree = "<group>";
		};
		BC96284E269068A800AE04AB /* MovieCollectionsUITests */ = {
			isa = PBXGroup;
			children = (
				BC96284F269068A800AE04AB /* MovieCollectionsUITests.swift */,
			);
			path = MovieCollectionsUITests;
			sourceTree = "<group>";
		};
		BC96285C269068BC00AE04AB /* Services */ = {
			isa = PBXGroup;
			children = (
				BC96285D269068CC00AE04AB /* APIKey.swift */,
				BC6C53FE2690A97200EF44F7 /* APIService.swift */,
			);
			path = Services;
			sourceTree = "<group>";
		};
/* End PBXGroup section */

/* Begin PBXNativeTarget section */
		BC96282A269068A600AE04AB /* MovieCollections */ = {
			isa = PBXNativeTarget;
			buildConfigurationList = BC962853269068A800AE04AB /* Build configuration list for PBXNativeTarget "MovieCollections" */;
			buildPhases = (
				BC962827269068A600AE04AB /* Sources */,
				BC962828269068A600AE04AB /* Frameworks */,
				BC962829269068A600AE04AB /* Resources */,
			);
			buildRules = (
			);
			dependencies = (
			);
			name = MovieCollections;
			packageProductDependencies = (
				BC6C540B2690B11E00EF44F7 /* SnapKit */,
				BC580A64269151E60088680F /* SDWebImage */,
			);
			productName = MovieCollections;
			productReference = BC96282B269068A600AE04AB /* MovieCollections.app */;
			productType = "com.apple.product-type.application";
		};
		BC962840269068A700AE04AB /* MovieCollectionsTests */ = {
			isa = PBXNativeTarget;
			buildConfigurationList = BC962856269068A800AE04AB /* Build configuration list for PBXNativeTarget "MovieCollectionsTests" */;
			buildPhases = (
				BC96283D269068A700AE04AB /* Sources */,
				BC96283E269068A700AE04AB /* Frameworks */,
				BC96283F269068A700AE04AB /* Resources */,
			);
			buildRules = (
			);
			dependencies = (
				BC962843269068A700AE04AB /* PBXTargetDependency */,
			);
			name = MovieCollectionsTests;
			productName = MovieCollectionsTests;
			productReference = BC962841269068A700AE04AB /* MovieCollectionsTests.xctest */;
			productType = "com.apple.product-type.bundle.unit-test";
		};
		BC96284A269068A700AE04AB /* MovieCollectionsUITests */ = {
			isa = PBXNativeTarget;
			buildConfigurationList = BC962859269068A800AE04AB /* Build configuration list for PBXNativeTarget "MovieCollectionsUITests" */;
			buildPhases = (
				BC962847269068A700AE04AB /* Sources */,
				BC962848269068A700AE04AB /* Frameworks */,
				BC962849269068A700AE04AB /* Resources */,
			);
			buildRules = (
			);
			dependencies = (
				BC96284D269068A700AE04AB /* PBXTargetDependency */,
			);
			name = MovieCollectionsUITests;
			productName = MovieCollectionsUITests;
			productReference = BC96284B269068A700AE04AB /* MovieCollectionsUITests.xctest */;
			productType = "com.apple.product-type.bundle.ui-testing";
		};
/* End PBXNativeTarget section */

/* Begin PBXProject section */
		BC962823269068A600AE04AB /* Project object */ = {
			isa = PBXProject;
			attributes = {
				BuildIndependentTargetsInParallel = 1;
				LastSwiftUpdateCheck = 1300;
				LastUpgradeCheck = 1300;
				TargetAttributes = {
					BC96282A269068A600AE04AB = {
						CreatedOnToolsVersion = 13.0;
					};
					BC962840269068A700AE04AB = {
						CreatedOnToolsVersion = 13.0;
						TestTargetID = BC96282A269068A600AE04AB;
					};
					BC96284A269068A700AE04AB = {
						CreatedOnToolsVersion = 13.0;
						TestTargetID = BC96282A269068A600AE04AB;
					};
				};
			};
			buildConfigurationList = BC962826269068A600AE04AB /* Build configuration list for PBXProject "MovieCollections" */;
			compatibilityVersion = "Xcode 12.0";
			developmentRegion = en;
			hasScannedForEncodings = 0;
			knownRegions = (
				en,
				Base,
			);
			mainGroup = BC962822269068A600AE04AB;
			packageReferences = (
				BC6C540A2690B11E00EF44F7 /* XCRemoteSwiftPackageReference "SnapKit" */,
				BC580A63269151E60088680F /* XCRemoteSwiftPackageReference "SDWebImage" */,
				BC60BFFB2691E81900E3EABF /* XCRemoteSwiftPackageReference "DifferenceKit" */,
			);
			productRefGroup = BC96282C269068A600AE04AB /* Products */;
			projectDirPath = "";
			projectRoot = "";
			targets = (
				BC96282A269068A600AE04AB /* MovieCollections */,
				BC962840269068A700AE04AB /* MovieCollectionsTests */,
				BC96284A269068A700AE04AB /* MovieCollectionsUITests */,
			);
		};
/* End PBXProject section */

/* Begin PBXResourcesBuildPhase section */
		BC962829269068A600AE04AB /* Resources */ = {
			isa = PBXResourcesBuildPhase;
			buildActionMask = 2147483647;
			files = (
				BC96283B269068A700AE04AB /* LaunchScreen.storyboard in Resources */,
				BCC0469D2691AD1100DF1B24 /* favorite.json in Resources */,
				BC962838269068A700AE04AB /* Assets.xcassets in Resources */,
			);
			runOnlyForDeploymentPostprocessing = 0;
		};
		BC96283F269068A700AE04AB /* Resources */ = {
			isa = PBXResourcesBuildPhase;
			buildActionMask = 2147483647;
			files = (
			);
			runOnlyForDeploymentPostprocessing = 0;
		};
		BC962849269068A700AE04AB /* Resources */ = {
			isa = PBXResourcesBuildPhase;
			buildActionMask = 2147483647;
			files = (
			);
			runOnlyForDeploymentPostprocessing = 0;
		};
/* End PBXResourcesBuildPhase section */

/* Begin PBXSourcesBuildPhase section */
		BC962827269068A600AE04AB /* Sources */ = {
			isa = PBXSourcesBuildPhase;
			buildActionMask = 2147483647;
			files = (
				BCC0469526919D9400DF1B24 /* FavoriteViewController.swift in Sources */,
				BC6C541E2690C62400EF44F7 /* HomeRepository.swift in Sources */,
				BC6C54112690B78500EF44F7 /* Movie.swift in Sources */,
				BC580A6726916B1D0088680F /* UIImageView+Extensions.swift in Sources */,
				BC6C54192690BBD200EF44F7 /* MovieCompactCell.swift in Sources */,
				BCC046972691A07C00DF1B24 /* FavoriteViewModel.swift in Sources */,
				BC6C54172690BB6D00EF44F7 /* HomeSection.swift in Sources */,
				BC96282F269068A600AE04AB /* AppDelegate.swift in Sources */,
				BC6C53FD26909AED00EF44F7 /* HomeViewModel.swift in Sources */,
				BC6C53F926909AD100EF44F7 /* MainTabBarController.swift in Sources */,
				BC6C54042690ABCF00EF44F7 /* HomeMovieLoadingCell.swift in Sources */,
				BC6C541B2690BBDF00EF44F7 /* MovieExpandCell.swift in Sources */,
				BCC0469B2691AC9600DF1B24 /* FavoriteRepository.swift in Sources */,
				BC96285E269068CC00AE04AB /* APIKey.swift in Sources */,
				BC6C54092690AF8800EF44F7 /* UIView+Extensions.swift in Sources */,
				BC962831269068A600AE04AB /* SceneDelegate.swift in Sources */,
				BC6C54132690BA7300EF44F7 /* Genre.swift in Sources */,
				BC6C53FF2690A97200EF44F7 /* APIService.swift in Sources */,
				BC6C540E2690B1E500EF44F7 /* HomeMoviesCollectionCell.swift in Sources */,
				BC6C54152690BABC00EF44F7 /* Reusable.swift in Sources */,
				BC6C54202690C67F00EF44F7 /* MoviesResponse.swift in Sources */,
				BC6C54012690A9E600EF44F7 /* Combinable.swift in Sources */,
				BCC046992691A51F00DF1B24 /* FavoriteSection.swift in Sources */,
				BC6C53FB26909AE300EF44F7 /* HomeViewController.swift in Sources */,
				BC6C54062690ADB500EF44F7 /* HomeSectionHeaderView.swift in Sources */,
			);
			runOnlyForDeploymentPostprocessing = 0;
		};
		BC96283D269068A700AE04AB /* Sources */ = {
			isa = PBXSourcesBuildPhase;
			buildActionMask = 2147483647;
			files = (
				BC962846269068A700AE04AB /* MovieCollectionsTests.swift in Sources */,
			);
			runOnlyForDeploymentPostprocessing = 0;
		};
		BC962847269068A700AE04AB /* Sources */ = {
			isa = PBXSourcesBuildPhase;
			buildActionMask = 2147483647;
			files = (
				BC962850269068A800AE04AB /* MovieCollectionsUITests.swift in Sources */,
			);
			runOnlyForDeploymentPostprocessing = 0;
		};
/* End PBXSourcesBuildPhase section */

/* Begin PBXTargetDependency section */
		BC962843269068A700AE04AB /* PBXTargetDependency */ = {
			isa = PBXTargetDependency;
			target = BC96282A269068A600AE04AB /* MovieCollections */;
			targetProxy = BC962842269068A700AE04AB /* PBXContainerItemProxy */;
		};
		BC96284D269068A700AE04AB /* PBXTargetDependency */ = {
			isa = PBXTargetDependency;
			target = BC96282A269068A600AE04AB /* MovieCollections */;
			targetProxy = BC96284C269068A700AE04AB /* PBXContainerItemProxy */;
		};
/* End PBXTargetDependency section */

/* Begin PBXVariantGroup section */
		BC962839269068A700AE04AB /* LaunchScreen.storyboard */ = {
			isa = PBXVariantGroup;
			children = (
				BC96283A269068A700AE04AB /* Base */,
			);
			name = LaunchScreen.storyboard;
			sourceTree = "<group>";
		};
/* End PBXVariantGroup section */

/* Begin XCBuildConfiguration section */
		BC962851269068A800AE04AB /* Debug */ = {
			isa = XCBuildConfiguration;
			buildSettings = {
				ALWAYS_SEARCH_USER_PATHS = NO;
				CLANG_ANALYZER_NONNULL = YES;
				CLANG_ANALYZER_NUMBER_OBJECT_CONVERSION = YES_AGGRESSIVE;
				CLANG_CXX_LANGUAGE_STANDARD = "gnu++14";
				CLANG_CXX_LIBRARY = "libc++";
				CLANG_ENABLE_MODULES = YES;
				CLANG_ENABLE_OBJC_ARC = YES;
				CLANG_ENABLE_OBJC_WEAK = YES;
				CLANG_WARN_BLOCK_CAPTURE_AUTORELEASING = YES;
				CLANG_WARN_BOOL_CONVERSION = YES;
				CLANG_WARN_COMMA = YES;
				CLANG_WARN_CONSTANT_CONVERSION = YES;
				CLANG_WARN_DEPRECATED_OBJC_IMPLEMENTATIONS = YES;
				CLANG_WARN_DIRECT_OBJC_ISA_USAGE = YES_ERROR;
				CLANG_WARN_DOCUMENTATION_COMMENTS = YES;
				CLANG_WARN_EMPTY_BODY = YES;
				CLANG_WARN_ENUM_CONVERSION = YES;
				CLANG_WARN_INFINITE_RECURSION = YES;
				CLANG_WARN_INT_CONVERSION = YES;
				CLANG_WARN_NON_LITERAL_NULL_CONVERSION = YES;
				CLANG_WARN_OBJC_IMPLICIT_RETAIN_SELF = YES;
				CLANG_WARN_OBJC_LITERAL_CONVERSION = YES;
				CLANG_WARN_OBJC_ROOT_CLASS = YES_ERROR;
				CLANG_WARN_QUOTED_INCLUDE_IN_FRAMEWORK_HEADER = YES;
				CLANG_WARN_RANGE_LOOP_ANALYSIS = YES;
				CLANG_WARN_STRICT_PROTOTYPES = YES;
				CLANG_WARN_SUSPICIOUS_MOVE = YES;
				CLANG_WARN_UNGUARDED_AVAILABILITY = YES_AGGRESSIVE;
				CLANG_WARN_UNREACHABLE_CODE = YES;
				CLANG_WARN__DUPLICATE_METHOD_MATCH = YES;
				COPY_PHASE_STRIP = NO;
				DEBUG_INFORMATION_FORMAT = dwarf;
				ENABLE_STRICT_OBJC_MSGSEND = YES;
				ENABLE_TESTABILITY = YES;
				GCC_C_LANGUAGE_STANDARD = gnu11;
				GCC_DYNAMIC_NO_PIC = NO;
				GCC_NO_COMMON_BLOCKS = YES;
				GCC_OPTIMIZATION_LEVEL = 0;
				GCC_PREPROCESSOR_DEFINITIONS = (
					"DEBUG=1",
					"$(inherited)",
				);
				GCC_WARN_64_TO_32_BIT_CONVERSION = YES;
				GCC_WARN_ABOUT_RETURN_TYPE = YES_ERROR;
				GCC_WARN_UNDECLARED_SELECTOR = YES;
				GCC_WARN_UNINITIALIZED_AUTOS = YES_AGGRESSIVE;
				GCC_WARN_UNUSED_FUNCTION = YES;
				GCC_WARN_UNUSED_VARIABLE = YES;
				IPHONEOS_DEPLOYMENT_TARGET = 14.5;
				MTL_ENABLE_DEBUG_INFO = INCLUDE_SOURCE;
				MTL_FAST_MATH = YES;
				ONLY_ACTIVE_ARCH = YES;
				SDKROOT = iphoneos;
				SWIFT_ACTIVE_COMPILATION_CONDITIONS = DEBUG;
				SWIFT_OPTIMIZATION_LEVEL = "-Onone";
			};
			name = Debug;
		};
		BC962852269068A800AE04AB /* Release */ = {
			isa = XCBuildConfiguration;
			buildSettings = {
				ALWAYS_SEARCH_USER_PATHS = NO;
				CLANG_ANALYZER_NONNULL = YES;
				CLANG_ANALYZER_NUMBER_OBJECT_CONVERSION = YES_AGGRESSIVE;
				CLANG_CXX_LANGUAGE_STANDARD = "gnu++14";
				CLANG_CXX_LIBRARY = "libc++";
				CLANG_ENABLE_MODULES = YES;
				CLANG_ENABLE_OBJC_ARC = YES;
				CLANG_ENABLE_OBJC_WEAK = YES;
				CLANG_WARN_BLOCK_CAPTURE_AUTORELEASING = YES;
				CLANG_WARN_BOOL_CONVERSION = YES;
				CLANG_WARN_COMMA = YES;
				CLANG_WARN_CONSTANT_CONVERSION = YES;
				CLANG_WARN_DEPRECATED_OBJC_IMPLEMENTATIONS = YES;
				CLANG_WARN_DIRECT_OBJC_ISA_USAGE = YES_ERROR;
				CLANG_WARN_DOCUMENTATION_COMMENTS = YES;
				CLANG_WARN_EMPTY_BODY = YES;
				CLANG_WARN_ENUM_CONVERSION = YES;
				CLANG_WARN_INFINITE_RECURSION = YES;
				CLANG_WARN_INT_CONVERSION = YES;
				CLANG_WARN_NON_LITERAL_NULL_CONVERSION = YES;
				CLANG_WARN_OBJC_IMPLICIT_RETAIN_SELF = YES;
				CLANG_WARN_OBJC_LITERAL_CONVERSION = YES;
				CLANG_WARN_OBJC_ROOT_CLASS = YES_ERROR;
				CLANG_WARN_QUOTED_INCLUDE_IN_FRAMEWORK_HEADER = YES;
				CLANG_WARN_RANGE_LOOP_ANALYSIS = YES;
				CLANG_WARN_STRICT_PROTOTYPES = YES;
				CLANG_WARN_SUSPICIOUS_MOVE = YES;
				CLANG_WARN_UNGUARDED_AVAILABILITY = YES_AGGRESSIVE;
				CLANG_WARN_UNREACHABLE_CODE = YES;
				CLANG_WARN__DUPLICATE_METHOD_MATCH = YES;
				COPY_PHASE_STRIP = NO;
				DEBUG_INFORMATION_FORMAT = "dwarf-with-dsym";
				ENABLE_NS_ASSERTIONS = NO;
				ENABLE_STRICT_OBJC_MSGSEND = YES;
				GCC_C_LANGUAGE_STANDARD = gnu11;
				GCC_NO_COMMON_BLOCKS = YES;
				GCC_WARN_64_TO_32_BIT_CONVERSION = YES;
				GCC_WARN_ABOUT_RETURN_TYPE = YES_ERROR;
				GCC_WARN_UNDECLARED_SELECTOR = YES;
				GCC_WARN_UNINITIALIZED_AUTOS = YES_AGGRESSIVE;
				GCC_WARN_UNUSED_FUNCTION = YES;
				GCC_WARN_UNUSED_VARIABLE = YES;
				IPHONEOS_DEPLOYMENT_TARGET = 14.5;
				MTL_ENABLE_DEBUG_INFO = NO;
				MTL_FAST_MATH = YES;
				SDKROOT = iphoneos;
				SWIFT_COMPILATION_MODE = wholemodule;
				SWIFT_OPTIMIZATION_LEVEL = "-O";
				VALIDATE_PRODUCT = YES;
			};
			name = Release;
		};
		BC962854269068A800AE04AB /* Debug */ = {
			isa = XCBuildConfiguration;
			buildSettings = {
				ASSETCATALOG_COMPILER_APPICON_NAME = AppIcon;
				ASSETCATALOG_COMPILER_GLOBAL_ACCENT_COLOR_NAME = AccentColor;
				CODE_SIGN_STYLE = Automatic;
				CURRENT_PROJECT_VERSION = 1;
				DEVELOPMENT_TEAM = UR86F3FN9K;
				GENERATE_INFOPLIST_FILE = YES;
				INFOPLIST_FILE = MovieCollections/Info.plist;
				INFOPLIST_KEY_UIApplicationSupportsIndirectInputEvents = YES;
				INFOPLIST_KEY_UILaunchStoryboardName = LaunchScreen;
				INFOPLIST_KEY_UIMainStoryboardFile = "";
				INFOPLIST_KEY_UISupportedInterfaceOrientations_iPad = "UIInterfaceOrientationPortrait UIInterfaceOrientationPortraitUpsideDown UIInterfaceOrientationLandscapeLeft UIInterfaceOrientationLandscapeRight";
				INFOPLIST_KEY_UISupportedInterfaceOrientations_iPhone = "UIInterfaceOrientationPortrait UIInterfaceOrientationLandscapeLeft UIInterfaceOrientationLandscapeRight";
				IPHONEOS_DEPLOYMENT_TARGET = 14.5;
				LD_RUNPATH_SEARCH_PATHS = (
					"$(inherited)",
					"@executable_path/Frameworks",
				);
				MARKETING_VERSION = 1.0;
				PRODUCT_BUNDLE_IDENTIFIER = phuc.hoang.MovieCollections;
				PRODUCT_NAME = "$(TARGET_NAME)";
				SWIFT_EMIT_LOC_STRINGS = YES;
				SWIFT_VERSION = 5.0;
				TARGETED_DEVICE_FAMILY = "1,2";
			};
			name = Debug;
		};
		BC962855269068A800AE04AB /* Release */ = {
			isa = XCBuildConfiguration;
			buildSettings = {
				ASSETCATALOG_COMPILER_APPICON_NAME = AppIcon;
				ASSETCATALOG_COMPILER_GLOBAL_ACCENT_COLOR_NAME = AccentColor;
				CODE_SIGN_STYLE = Automatic;
				CURRENT_PROJECT_VERSION = 1;
				DEVELOPMENT_TEAM = UR86F3FN9K;
				GENERATE_INFOPLIST_FILE = YES;
				INFOPLIST_FILE = MovieCollections/Info.plist;
				INFOPLIST_KEY_UIApplicationSupportsIndirectInputEvents = YES;
				INFOPLIST_KEY_UILaunchStoryboardName = LaunchScreen;
				INFOPLIST_KEY_UIMainStoryboardFile = "";
				INFOPLIST_KEY_UISupportedInterfaceOrientations_iPad = "UIInterfaceOrientationPortrait UIInterfaceOrientationPortraitUpsideDown UIInterfaceOrientationLandscapeLeft UIInterfaceOrientationLandscapeRight";
				INFOPLIST_KEY_UISupportedInterfaceOrientations_iPhone = "UIInterfaceOrientationPortrait UIInterfaceOrientationLandscapeLeft UIInterfaceOrientationLandscapeRight";
				IPHONEOS_DEPLOYMENT_TARGET = 14.5;
				LD_RUNPATH_SEARCH_PATHS = (
					"$(inherited)",
					"@executable_path/Frameworks",
				);
				MARKETING_VERSION = 1.0;
				PRODUCT_BUNDLE_IDENTIFIER = phuc.hoang.MovieCollections;
				PRODUCT_NAME = "$(TARGET_NAME)";
				SWIFT_EMIT_LOC_STRINGS = YES;
				SWIFT_VERSION = 5.0;
				TARGETED_DEVICE_FAMILY = "1,2";
			};
			name = Release;
		};
		BC962857269068A800AE04AB /* Debug */ = {
			isa = XCBuildConfiguration;
			buildSettings = {
				ALWAYS_EMBED_SWIFT_STANDARD_LIBRARIES = YES;
				BUNDLE_LOADER = "$(TEST_HOST)";
				CODE_SIGN_STYLE = Automatic;
				CURRENT_PROJECT_VERSION = 1;
				DEVELOPMENT_TEAM = UR86F3FN9K;
				GENERATE_INFOPLIST_FILE = YES;
				IPHONEOS_DEPLOYMENT_TARGET = 15.0;
				LD_RUNPATH_SEARCH_PATHS = (
					"$(inherited)",
					"@executable_path/Frameworks",
					"@loader_path/Frameworks",
				);
				MARKETING_VERSION = 1.0;
				PRODUCT_BUNDLE_IDENTIFIER = phuc.hoang.MovieCollectionsTests;
				PRODUCT_NAME = "$(TARGET_NAME)";
				SWIFT_EMIT_LOC_STRINGS = NO;
				SWIFT_VERSION = 5.0;
				TARGETED_DEVICE_FAMILY = "1,2";
				TEST_HOST = "$(BUILT_PRODUCTS_DIR)/MovieCollections.app/MovieCollections";
			};
			name = Debug;
		};
		BC962858269068A800AE04AB /* Release */ = {
			isa = XCBuildConfiguration;
			buildSettings = {
				ALWAYS_EMBED_SWIFT_STANDARD_LIBRARIES = YES;
				BUNDLE_LOADER = "$(TEST_HOST)";
				CODE_SIGN_STYLE = Automatic;
				CURRENT_PROJECT_VERSION = 1;
				DEVELOPMENT_TEAM = UR86F3FN9K;
				GENERATE_INFOPLIST_FILE = YES;
				IPHONEOS_DEPLOYMENT_TARGET = 15.0;
				LD_RUNPATH_SEARCH_PATHS = (
					"$(inherited)",
					"@executable_path/Frameworks",
					"@loader_path/Frameworks",
				);
				MARKETING_VERSION = 1.0;
				PRODUCT_BUNDLE_IDENTIFIER = phuc.hoang.MovieCollectionsTests;
				PRODUCT_NAME = "$(TARGET_NAME)";
				SWIFT_EMIT_LOC_STRINGS = NO;
				SWIFT_VERSION = 5.0;
				TARGETED_DEVICE_FAMILY = "1,2";
				TEST_HOST = "$(BUILT_PRODUCTS_DIR)/MovieCollections.app/MovieCollections";
			};
			name = Release;
		};
		BC96285A269068A800AE04AB /* Debug */ = {
			isa = XCBuildConfiguration;
			buildSettings = {
				ALWAYS_EMBED_SWIFT_STANDARD_LIBRARIES = YES;
				CODE_SIGN_STYLE = Automatic;
				CURRENT_PROJECT_VERSION = 1;
				DEVELOPMENT_TEAM = UR86F3FN9K;
				GENERATE_INFOPLIST_FILE = YES;
				LD_RUNPATH_SEARCH_PATHS = (
					"$(inherited)",
					"@executable_path/Frameworks",
					"@loader_path/Frameworks",
				);
				MARKETING_VERSION = 1.0;
				PRODUCT_BUNDLE_IDENTIFIER = phuc.hoang.MovieCollectionsUITests;
				PRODUCT_NAME = "$(TARGET_NAME)";
				SWIFT_EMIT_LOC_STRINGS = NO;
				SWIFT_VERSION = 5.0;
				TARGETED_DEVICE_FAMILY = "1,2";
				TEST_TARGET_NAME = MovieCollections;
			};
			name = Debug;
		};
		BC96285B269068A800AE04AB /* Release */ = {
			isa = XCBuildConfiguration;
			buildSettings = {
				ALWAYS_EMBED_SWIFT_STANDARD_LIBRARIES = YES;
				CODE_SIGN_STYLE = Automatic;
				CURRENT_PROJECT_VERSION = 1;
				DEVELOPMENT_TEAM = UR86F3FN9K;
				GENERATE_INFOPLIST_FILE = YES;
				LD_RUNPATH_SEARCH_PATHS = (
					"$(inherited)",
					"@executable_path/Frameworks",
					"@loader_path/Frameworks",
				);
				MARKETING_VERSION = 1.0;
				PRODUCT_BUNDLE_IDENTIFIER = phuc.hoang.MovieCollectionsUITests;
				PRODUCT_NAME = "$(TARGET_NAME)";
				SWIFT_EMIT_LOC_STRINGS = NO;
				SWIFT_VERSION = 5.0;
				TARGETED_DEVICE_FAMILY = "1,2";
				TEST_TARGET_NAME = MovieCollections;
			};
			name = Release;
		};
/* End XCBuildConfiguration section */

/* Begin XCConfigurationList section */
		BC962826269068A600AE04AB /* Build configuration list for PBXProject "MovieCollections" */ = {
			isa = XCConfigurationList;
			buildConfigurations = (
				BC962851269068A800AE04AB /* Debug */,
				BC962852269068A800AE04AB /* Release */,
			);
			defaultConfigurationIsVisible = 0;
			defaultConfigurationName = Release;
		};
		BC962853269068A800AE04AB /* Build configuration list for PBXNativeTarget "MovieCollections" */ = {
			isa = XCConfigurationList;
			buildConfigurations = (
				BC962854269068A800AE04AB /* Debug */,
				BC962855269068A800AE04AB /* Release */,
			);
			defaultConfigurationIsVisible = 0;
			defaultConfigurationName = Release;
		};
		BC962856269068A800AE04AB /* Build configuration list for PBXNativeTarget "MovieCollectionsTests" */ = {
			isa = XCConfigurationList;
			buildConfigurations = (
				BC962857269068A800AE04AB /* Debug */,
				BC962858269068A800AE04AB /* Release */,
			);
			defaultConfigurationIsVisible = 0;
			defaultConfigurationName = Release;
		};
		BC962859269068A800AE04AB /* Build configuration list for PBXNativeTarget "MovieCollectionsUITests" */ = {
			isa = XCConfigurationList;
			buildConfigurations = (
				BC96285A269068A800AE04AB /* Debug */,
				BC96285B269068A800AE04AB /* Release */,
			);
			defaultConfigurationIsVisible = 0;
			defaultConfigurationName = Release;
		};
/* End XCConfigurationList section */

/* Begin XCRemoteSwiftPackageReference section */
		BC580A63269151E60088680F /* XCRemoteSwiftPackageReference "SDWebImage" */ = {
			isa = XCRemoteSwiftPackageReference;
			repositoryURL = "https://github.com/SDWebImage/SDWebImage";
			requirement = {
				kind = upToNextMajorVersion;
				minimumVersion = 5.0.0;
			};
		};
		BC60BFFB2691E81900E3EABF /* XCRemoteSwiftPackageReference "DifferenceKit" */ = {
			isa = XCRemoteSwiftPackageReference;
			repositoryURL = "https://github.com/ra1028/DifferenceKit";
			requirement = {
				kind = upToNextMajorVersion;
				minimumVersion = 1.0.0;
			};
		};
		BC6C540A2690B11E00EF44F7 /* XCRemoteSwiftPackageReference "SnapKit" */ = {
			isa = XCRemoteSwiftPackageReference;
			repositoryURL = "https://github.com/SnapKit/SnapKit";
			requirement = {
				kind = upToNextMajorVersion;
				minimumVersion = 5.0.0;
			};
		};
/* End XCRemoteSwiftPackageReference section */

/* Begin XCSwiftPackageProductDependency section */
		BC580A64269151E60088680F /* SDWebImage */ = {
			isa = XCSwiftPackageProductDependency;
			package = BC580A63269151E60088680F /* XCRemoteSwiftPackageReference "SDWebImage" */;
			productName = SDWebImage;
		};
		BC6C540B2690B11E00EF44F7 /* SnapKit */ = {
			isa = XCSwiftPackageProductDependency;
			package = BC6C540A2690B11E00EF44F7 /* XCRemoteSwiftPackageReference "SnapKit" */;
			productName = SnapKit;
		};
/* End XCSwiftPackageProductDependency section */
	};
	rootObject = BC962823269068A600AE04AB /* Project object */;
}
